# THIS IS AN AUTOGENERATED FILE. DO NOT EDIT THIS FILE DIRECTLY.
# yarn lockfile v1


csv-generate@^2.0.0:
  version "2.0.0"
  resolved "https://registry.yarnpkg.com/csv-generate/-/csv-generate-2.0.0.tgz#ab4fdc30db5ce678b07d53884c69fa545618b25c"
  integrity sha1-q0/cMNtc5niwfVOITGn6VFYYslw=

csv-parse@^2.0.0:
  version "2.0.0"
  resolved "https://registry.yarnpkg.com/csv-parse/-/csv-parse-2.0.0.tgz#4ea22c973233987f07688c601a2d460234ff56d1"
  integrity sha1-TqIslzIzmH8HaIxgGi1GAjT/VtE=

csv-stringify@^2.0.0:
  version "2.0.1"
  resolved "https://registry.yarnpkg.com/csv-stringify/-/csv-stringify-2.0.1.tgz#bba2a1e1129818bb3e6712914ec3c84d45a9d8c0"
  integrity sha512-qoWgXJHmANfwIZFogezZjfN7KeaALrSe2zA5velb2tVEx0r7tgVuMfideB5gq12x5Z7LkvgOayXplOwlKcXnKQ==
  dependencies:
    lodash.get "~4.4.2"

csv@^2.0.0:
  version "2.0.0"
  resolved "https://registry.yarnpkg.com/csv/-/csv-2.0.0.tgz#0d51d8fa3ece278b5409f795717fcfcd5ace9b3e"
  integrity sha1-DVHY+j7OJ4tUCfeVcX/PzVrOmz4=
  dependencies:
    csv-generate "^2.0.0"
    csv-parse "^2.0.0"
    csv-stringify "^2.0.0"
    stream-transform "^1.0.0"

lodash.get@~4.4.2:
  version "4.4.2"
  resolved "https://registry.yarnpkg.com/lodash.get/-/lodash.get-4.4.2.tgz#2d177f652fa31e939b4438d5341499dfa3825e99"
  integrity sha1-LRd/ZS+jHpObRDjVNBSZ36OCXpk=

moment@^2.20.1:
  version "2.20.1"
  resolved "https://registry.yarnpkg.com/moment/-/moment-2.20.1.tgz#d6eb1a46cbcc14a2b2f9434112c1ff8907f313fd"
  integrity sha512-Yh9y73JRljxW5QxN08Fner68eFLxM5ynNOAw2LbIB1YAGeQzZT8QFSUvkAz609Zf+IHhhaUxqZK8dG3W/+HEvg==

stream-transform@^1.0.0:
  version "1.0.0"
  resolved "https://registry.yarnpkg.com/stream-transform/-/stream-transform-1.0.0.tgz#d4ef386913d6ec102052bc75fc0516947a961f10"
  integrity sha1-1O84aRPW7BAgUrx1/AUWlHqWHxA=
